// !$*UTF8*$!
{
	archiveVersion = 1;
	classes = {
	};
	objectVersion = 55;
	objects = {

/* Begin PBXBuildFile section */
		7822EA1B278EE054007A8C46 /* User.swift in Sources */ = {isa = PBXBuildFile; fileRef = 7822EA1A278EE054007A8C46 /* User.swift */; };
		785CBBC0278D863C0086A46A /* AppDelegate.swift in Sources */ = {isa = PBXBuildFile; fileRef = 785CBBBF278D863C0086A46A /* AppDelegate.swift */; };
		785CBBC2278D863C0086A46A /* SceneDelegate.swift in Sources */ = {isa = PBXBuildFile; fileRef = 785CBBC1278D863C0086A46A /* SceneDelegate.swift */; };
		785CBBC4278D863C0086A46A /* ViewController.swift in Sources */ = {isa = PBXBuildFile; fileRef = 785CBBC3278D863C0086A46A /* ViewController.swift */; };
		785CBBC7278D863C0086A46A /* Main.storyboard in Resources */ = {isa = PBXBuildFile; fileRef = 785CBBC5278D863C0086A46A /* Main.storyboard */; };
		785CBBC9278D863E0086A46A /* Assets.xcassets in Resources */ = {isa = PBXBuildFile; fileRef = 785CBBC8278D863E0086A46A /* Assets.xcassets */; };
		785CBBCC278D863E0086A46A /* LaunchScreen.storyboard in Resources */ = {isa = PBXBuildFile; fileRef = 785CBBCA278D863E0086A46A /* LaunchScreen.storyboard */; };
		785CBBD7278D863E0086A46A /* FakeUipathTests.swift in Sources */ = {isa = PBXBuildFile; fileRef = 785CBBD6278D863E0086A46A /* FakeUipathTests.swift */; };
		785CBBE1278D863F0086A46A /* FakeUipathUITests.swift in Sources */ = {isa = PBXBuildFile; fileRef = 785CBBE0278D863F0086A46A /* FakeUipathUITests.swift */; };
		785CBBE3278D863F0086A46A /* FakeUipathUITestsLaunchTests.swift in Sources */ = {isa = PBXBuildFile; fileRef = 785CBBE2278D863F0086A46A /* FakeUipathUITestsLaunchTests.swift */; };
		785CBBF0278D918C0086A46A /* uipathlogo.png in Resources */ = {isa = PBXBuildFile; fileRef = 785CBBEF278D918C0086A46A /* uipathlogo.png */; };
/* End PBXBuildFile section */

/* Begin PBXContainerItemProxy section */
		785CBBD3278D863E0086A46A /* PBXContainerItemProxy */ = {
			isa = PBXContainerItemProxy;
			containerPortal = 785CBBB4278D863C0086A46A /* Project object */;
			proxyType = 1;
			remoteGlobalIDString = 785CBBBB278D863C0086A46A;
			remoteInfo = FakeUipath;
		};
		785CBBDD278D863E0086A46A /* PBXContainerItemProxy */ = {
			isa = PBXContainerItemProxy;
			containerPortal = 785CBBB4278D863C0086A46A /* Project object */;
			proxyType = 1;
			remoteGlobalIDString = 785CBBBB278D863C0086A46A;
			remoteInfo = FakeUipath;
		};
/* End PBXContainerItemProxy section */

/* Begin PBXFileReference section */
		7822EA1A278EE054007A8C46 /* User.swift */ = {isa = PBXFileReference; lastKnownFileType = sourcecode.swift; path = User.swift; sourceTree = "<group>"; };
		785CBBBC278D863C0086A46A /* FakeUipath.app */ = {isa = PBXFileReference; explicitFileType = wrapper.application; includeInIndex = 0; path = FakeUipath.app; sourceTree = BUILT_PRODUCTS_DIR; };
		785CBBBF278D863C0086A46A /* AppDelegate.swift */ = {isa = PBXFileReference; lastKnownFileType = sourcecode.swift; path = AppDelegate.swift; sourceTree = "<group>"; };
		785CBBC1278D863C0086A46A /* SceneDelegate.swift */ = {isa = PBXFileReference; lastKnownFileType = sourcecode.swift; path = SceneDelegate.swift; sourceTree = "<group>"; };
		785CBBC3278D863C0086A46A /* ViewController.swift */ = {isa = PBXFileReference; lastKnownFileType = sourcecode.swift; path = ViewController.swift; sourceTree = "<group>"; };
		785CBBC6278D863C0086A46A /* Base */ = {isa = PBXFileReference; lastKnownFileType = file.storyboard; name = Base; path = Base.lproj/Main.storyboard; sourceTree = "<group>"; };
		785CBBC8278D863E0086A46A /* Assets.xcassets */ = {isa = PBXFileReference; lastKnownFileType = folder.assetcatalog; path = Assets.xcassets; sourceTree = "<group>"; };
		785CBBCB278D863E0086A46A /* Base */ = {isa = PBXFileReference; lastKnownFileType = file.storyboard; name = Base; path = Base.lproj/LaunchScreen.storyboard; sourceTree = "<group>"; };
		785CBBCD278D863E0086A46A /* Info.plist */ = {isa = PBXFileReference; lastKnownFileType = text.plist.xml; path = Info.plist; sourceTree = "<group>"; };
		785CBBD2278D863E0086A46A /* FakeUipathTests.xctest */ = {isa = PBXFileReference; explicitFileType = wrapper.cfbundle; includeInIndex = 0; path = FakeUipathTests.xctest; sourceTree = BUILT_PRODUCTS_DIR; };
		785CBBD6278D863E0086A46A /* FakeUipathTests.swift */ = {isa = PBXFileReference; lastKnownFileType = sourcecode.swift; path = FakeUipathTests.swift; sourceTree = "<group>"; };
		785CBBDC278D863E0086A46A /* FakeUipathUITests.xctest */ = {isa = PBXFileReference; explicitFileType = wrapper.cfbundle; includeInIndex = 0; path = FakeUipathUITests.xctest; sourceTree = BUILT_PRODUCTS_DIR; };
		785CBBE0278D863F0086A46A /* FakeUipathUITests.swift */ = {isa = PBXFileReference; lastKnownFileType = sourcecode.swift; path = FakeUipathUITests.swift; sourceTree = "<group>"; };
		785CBBE2278D863F0086A46A /* FakeUipathUITestsLaunchTests.swift */ = {isa = PBXFileReference; lastKnownFileType = sourcecode.swift; path = FakeUipathUITestsLaunchTests.swift; sourceTree = "<group>"; };
		785CBBEF278D918C0086A46A /* uipathlogo.png */ = {isa = PBXFileReference; lastKnownFileType = image.png; path = uipathlogo.png; sourceTree = "<group>"; };
/* End PBXFileReference section */

/* Begin PBXFrameworksBuildPhase section */
		785CBBB9278D863C0086A46A /* Frameworks */ = {
			isa = PBXFrameworksBuildPhase;
			buildActionMask = 2147483647;
			files = (
			);
			runOnlyForDeploymentPostprocessing = 0;
		};
		785CBBCF278D863E0086A46A /* Frameworks */ = {
			isa = PBXFrameworksBuildPhase;
			buildActionMask = 2147483647;
			files = (
			);
			runOnlyForDeploymentPostprocessing = 0;
		};
		785CBBD9278D863E0086A46A /* Frameworks */ = {
			isa = PBXFrameworksBuildPhase;
			buildActionMask = 2147483647;
			files = (
			);
			runOnlyForDeploymentPostprocessing = 0;
		};
/* End PBXFrameworksBuildPhase section */

/* Begin PBXGroup section */
		785CBBB3278D863C0086A46A = {
			isa = PBXGroup;
			children = (
				785CBBBE278D863C0086A46A /* FakeUipath */,
				785CBBD5278D863E0086A46A /* FakeUipathTests */,
				785CBBDF278D863E0086A46A /* FakeUipathUITests */,
				785CBBBD278D863C0086A46A /* Products */,
			);
			sourceTree = "<group>";
		};
		785CBBBD278D863C0086A46A /* Products */ = {
			isa = PBXGroup;
			children = (
				785CBBBC278D863C0086A46A /* FakeUipath.app */,
				785CBBD2278D863E0086A46A /* FakeUipathTests.xctest */,
				785CBBDC278D863E0086A46A /* FakeUipathUITests.xctest */,
			);
			name = Products;
			sourceTree = "<group>";
		};
		785CBBBE278D863C0086A46A /* FakeUipath */ = {
			isa = PBXGroup;
			children = (
				785CBBBF278D863C0086A46A /* AppDelegate.swift */,
				785CBBC1278D863C0086A46A /* SceneDelegate.swift */,
				785CBBC3278D863C0086A46A /* ViewController.swift */,
				7822EA1A278EE054007A8C46 /* User.swift */,
				785CBBC5278D863C0086A46A /* Main.storyboard */,
				785CBBEF278D918C0086A46A /* uipathlogo.png */,
				785CBBC8278D863E0086A46A /* Assets.xcassets */,
				785CBBCA278D863E0086A46A /* LaunchScreen.storyboard */,
				785CBBCD278D863E0086A46A /* Info.plist */,
			);
			path = FakeUipath;
			sourceTree = "<group>";
		};
		785CBBD5278D863E0086A46A /* FakeUipathTests */ = {
			isa = PBXGroup;
			children = (
				785CBBD6278D863E0086A46A /* FakeUipathTests.swift */,
			);
			path = FakeUipathTests;
			sourceTree = "<group>";
		};
		785CBBDF278D863E0086A46A /* FakeUipathUITests */ = {
			isa = PBXGroup;
			children = (
				785CBBE0278D863F0086A46A /* FakeUipathUITests.swift */,
				785CBBE2278D863F0086A46A /* FakeUipathUITestsLaunchTests.swift */,
			);
			path = FakeUipathUITests;
			sourceTree = "<group>";
		};
/* End PBXGroup section */

/* Begin PBXNativeTarget section */
		785CBBBB278D863C0086A46A /* FakeUipath */ = {
			isa = PBXNativeTarget;
			buildConfigurationList = 785CBBE6278D863F0086A46A /* Build configuration list for PBXNativeTarget "FakeUipath" */;
			buildPhases = (
				785CBBB8278D863C0086A46A /* Sources */,
				785CBBB9278D863C0086A46A /* Frameworks */,
				785CBBBA278D863C0086A46A /* Resources */,
			);
			buildRules = (
			);
			dependencies = (
			);
			name = FakeUipath;
			productName = FakeUipath;
			productReference = 785CBBBC278D863C0086A46A /* FakeUipath.app */;
			productType = "com.apple.product-type.application";
		};
		785CBBD1278D863E0086A46A /* FakeUipathTests */ = {
			isa = PBXNativeTarget;
			buildConfigurationList = 785CBBE9278D863F0086A46A /* Build configuration list for PBXNativeTarget "FakeUipathTests" */;
			buildPhases = (
				785CBBCE278D863E0086A46A /* Sources */,
				785CBBCF278D863E0086A46A /* Frameworks */,
				785CBBD0278D863E0086A46A /* Resources */,
			);
			buildRules = (
			);
			dependencies = (
				785CBBD4278D863E0086A46A /* PBXTargetDependency */,
			);
			name = FakeUipathTests;
			productName = FakeUipathTests;
			productReference = 785CBBD2278D863E0086A46A /* FakeUipathTests.xctest */;
			productType = "com.apple.product-type.bundle.unit-test";
		};
		785CBBDB278D863E0086A46A /* FakeUipathUITests */ = {
			isa = PBXNativeTarget;
			buildConfigurationList = 785CBBEC278D863F0086A46A /* Build configuration list for PBXNativeTarget "FakeUipathUITests" */;
			buildPhases = (
				785CBBD8278D863E0086A46A /* Sources */,
				785CBBD9278D863E0086A46A /* Frameworks */,
				785CBBDA278D863E0086A46A /* Resources */,
			);
			buildRules = (
			);
			dependencies = (
				785CBBDE278D863E0086A46A /* PBXTargetDependency */,
			);
			name = FakeUipathUITests;
			productName = FakeUipathUITests;
			productReference = 785CBBDC278D863E0086A46A /* FakeUipathUITests.xctest */;
			productType = "com.apple.product-type.bundle.ui-testing";
		};
/* End PBXNativeTarget section */

/* Begin PBXProject section */
		785CBBB4278D863C0086A46A /* Project object */ = {
			isa = PBXProject;
			attributes = {
				BuildIndependentTargetsInParallel = 1;
				LastSwiftUpdateCheck = 1320;
				LastUpgradeCheck = 1320;
				TargetAttributes = {
					785CBBBB278D863C0086A46A = {
						CreatedOnToolsVersion = 13.2;
					};
					785CBBD1278D863E0086A46A = {
						CreatedOnToolsVersion = 13.2;
						TestTargetID = 785CBBBB278D863C0086A46A;
					};
					785CBBDB278D863E0086A46A = {
						CreatedOnToolsVersion = 13.2;
						TestTargetID = 785CBBBB278D863C0086A46A;
					};
				};
			};
			buildConfigurationList = 785CBBB7278D863C0086A46A /* Build configuration list for PBXProject "FakeUipath" */;
			compatibilityVersion = "Xcode 13.0";
			developmentRegion = en;
			hasScannedForEncodings = 0;
			knownRegions = (
				en,
				Base,
			);
			mainGroup = 785CBBB3278D863C0086A46A;
			productRefGroup = 785CBBBD278D863C0086A46A /* Products */;
			projectDirPath = "";
			projectRoot = "";
			targets = (
				785CBBBB278D863C0086A46A /* FakeUipath */,
				785CBBD1278D863E0086A46A /* FakeUipathTests */,
				785CBBDB278D863E0086A46A /* FakeUipathUITests */,
			);
		};
/* End PBXProject section */

/* Begin PBXResourcesBuildPhase section */
		785CBBBA278D863C0086A46A /* Resources */ = {
			isa = PBXResourcesBuildPhase;
			buildActionMask = 2147483647;
			files = (
				785CBBCC278D863E0086A46A /* LaunchScreen.storyboard in Resources */,
				785CBBF0278D918C0086A46A /* uipathlogo.png in Resources */,
				785CBBC9278D863E0086A46A /* Assets.xcassets in Resources */,
				785CBBC7278D863C0086A46A /* Main.storyboard in Resources */,
			);
			runOnlyForDeploymentPostprocessing = 0;
		};
		785CBBD0278D863E0086A46A /* Resources */ = {
			isa = PBXResourcesBuildPhase;
			buildActionMask = 2147483647;
			files = (
			);
			runOnlyForDeploymentPostprocessing = 0;
		};
		785CBBDA278D863E0086A46A /* Resources */ = {
			isa = PBXResourcesBuildPhase;
			buildActionMask = 2147483647;
			files = (
			);
			runOnlyForDeploymentPostprocessing = 0;
		};
/* End PBXResourcesBuildPhase section */

/* Begin PBXSourcesBuildPhase section */
		785CBBB8278D863C0086A46A /* Sources */ = {
			isa = PBXSourcesBuildPhase;
			buildActionMask = 2147483647;
			files = (
				7822EA1B278EE054007A8C46 /* User.swift in Sources */,
				785CBBC4278D863C0086A46A /* ViewController.swift in Sources */,
				785CBBC0278D863C0086A46A /* AppDelegate.swift in Sources */,
				785CBBC2278D863C0086A46A /* SceneDelegate.swift in Sources */,
			);
			runOnlyForDeploymentPostprocessing = 0;
		};
		785CBBCE278D863E0086A46A /* Sources */ = {
			isa = PBXSourcesBuildPhase;
			buildActionMask = 2147483647;
			files = (
				785CBBD7278D863E0086A46A /* FakeUipathTests.swift in Sources */,
			);
			runOnlyForDeploymentPostprocessing = 0;
		};
		785CBBD8278D863E0086A46A /* Sources */ = {
			isa = PBXSourcesBuildPhase;
			buildActionMask = 2147483647;
			files = (
				785CBBE3278D863F0086A46A /* FakeUipathUITestsLaunchTests.swift in Sources */,
				785CBBE1278D863F0086A46A /* FakeUipathUITests.swift in Sources */,
			);
			runOnlyForDeploymentPostprocessing = 0;
		};
/* End PBXSourcesBuildPhase section */

/* Begin PBXTargetDependency section */
		785CBBD4278D863E0086A46A /* PBXTargetDependency */ = {
			isa = PBXTargetDependency;
			target = 785CBBBB278D863C0086A46A /* FakeUipath */;
			targetProxy = 785CBBD3278D863E0086A46A /* PBXContainerItemProxy */;
		};
		785CBBDE278D863E0086A46A /* PBXTargetDependency */ = {
			isa = PBXTargetDependency;
			target = 785CBBBB278D863C0086A46A /* FakeUipath */;
			targetProxy = 785CBBDD278D863E0086A46A /* PBXContainerItemProxy */;
		};
/* End PBXTargetDependency section */

/* Begin PBXVariantGroup section */
		785CBBC5278D863C0086A46A /* Main.storyboard */ = {
			isa = PBXVariantGroup;
			children = (
				785CBBC6278D863C0086A46A /* Base */,
			);
			name = Main.storyboard;
			sourceTree = "<group>";
		};
		785CBBCA278D863E0086A46A /* LaunchScreen.storyboard */ = {
			isa = PBXVariantGroup;
			children = (
				785CBBCB278D863E0086A46A /* Base */,
			);
			name = LaunchScreen.storyboard;
			sourceTree = "<group>";
		};
/* End PBXVariantGroup section */

/* Begin XCBuildConfiguration section */
		785CBBE4278D863F0086A46A /* Debug */ = {
			isa = XCBuildConfiguration;
			buildSettings = {
				ALWAYS_SEARCH_USER_PATHS = NO;
				CLANG_ANALYZER_NONNULL = YES;
				CLANG_ANALYZER_NUMBER_OBJECT_CONVERSION = YES_AGGRESSIVE;
				CLANG_CXX_LANGUAGE_STANDARD = "gnu++17";
				CLANG_CXX_LIBRARY = "libc++";
				CLANG_ENABLE_MODULES = YES;
				CLANG_ENABLE_OBJC_ARC = YES;
				CLANG_ENABLE_OBJC_WEAK = YES;
				CLANG_WARN_BLOCK_CAPTURE_AUTORELEASING = YES;
				CLANG_WARN_BOOL_CONVERSION = YES;
				CLANG_WARN_COMMA = YES;
				CLANG_WARN_CONSTANT_CONVERSION = YES;
				CLANG_WARN_DEPRECATED_OBJC_IMPLEMENTATIONS = YES;
				CLANG_WARN_DIRECT_OBJC_ISA_USAGE = YES_ERROR;
				CLANG_WARN_DOCUMENTATION_COMMENTS = YES;
				CLANG_WARN_EMPTY_BODY = YES;
				CLANG_WARN_ENUM_CONVERSION = YES;
				CLANG_WARN_INFINITE_RECURSION = YES;
				CLANG_WARN_INT_CONVERSION = YES;
				CLANG_WARN_NON_LITERAL_NULL_CONVERSION = YES;
				CLANG_WARN_OBJC_IMPLICIT_RETAIN_SELF = YES;
				CLANG_WARN_OBJC_LITERAL_CONVERSION = YES;
				CLANG_WARN_OBJC_ROOT_CLASS = YES_ERROR;
				CLANG_WARN_QUOTED_INCLUDE_IN_FRAMEWORK_HEADER = YES;
				CLANG_WARN_RANGE_LOOP_ANALYSIS = YES;
				CLANG_WARN_STRICT_PROTOTYPES = YES;
				CLANG_WARN_SUSPICIOUS_MOVE = YES;
				CLANG_WARN_UNGUARDED_AVAILABILITY = YES_AGGRESSIVE;
				CLANG_WARN_UNREACHABLE_CODE = YES;
				CLANG_WARN__DUPLICATE_METHOD_MATCH = YES;
				COPY_PHASE_STRIP = NO;
				DEBUG_INFORMATION_FORMAT = dwarf;
				ENABLE_STRICT_OBJC_MSGSEND = YES;
				ENABLE_TESTABILITY = YES;
				GCC_C_LANGUAGE_STANDARD = gnu11;
				GCC_DYNAMIC_NO_PIC = NO;
				GCC_NO_COMMON_BLOCKS = YES;
				GCC_OPTIMIZATION_LEVEL = 0;
				GCC_PREPROCESSOR_DEFINITIONS = (
					"DEBUG=1",
					"$(inherited)",
				);
				GCC_WARN_64_TO_32_BIT_CONVERSION = YES;
				GCC_WARN_ABOUT_RETURN_TYPE = YES_ERROR;
				GCC_WARN_UNDECLARED_SELECTOR = YES;
				GCC_WARN_UNINITIALIZED_AUTOS = YES_AGGRESSIVE;
				GCC_WARN_UNUSED_FUNCTION = YES;
				GCC_WARN_UNUSED_VARIABLE = YES;
				IPHONEOS_DEPLOYMENT_TARGET = 15.2;
				MTL_ENABLE_DEBUG_INFO = INCLUDE_SOURCE;
				MTL_FAST_MATH = YES;
				ONLY_ACTIVE_ARCH = YES;
				SDKROOT = iphoneos;
				SWIFT_ACTIVE_COMPILATION_CONDITIONS = DEBUG;
				SWIFT_OPTIMIZATION_LEVEL = "-Onone";
			};
			name = Debug;
		};
		785CBBE5278D863F0086A46A /* Release */ = {
			isa = XCBuildConfiguration;
			buildSettings = {
				ALWAYS_SEARCH_USER_PATHS = NO;
				CLANG_ANALYZER_NONNULL = YES;
				CLANG_ANALYZER_NUMBER_OBJECT_CONVERSION = YES_AGGRESSIVE;
				CLANG_CXX_LANGUAGE_STANDARD = "gnu++17";
				CLANG_CXX_LIBRARY = "libc++";
				CLANG_ENABLE_MODULES = YES;
				CLANG_ENABLE_OBJC_ARC = YES;
				CLANG_ENABLE_OBJC_WEAK = YES;
				CLANG_WARN_BLOCK_CAPTURE_AUTORELEASING = YES;
				CLANG_WARN_BOOL_CONVERSION = YES;
				CLANG_WARN_COMMA = YES;
				CLANG_WARN_CONSTANT_CONVERSION = YES;
				CLANG_WARN_DEPRECATED_OBJC_IMPLEMENTATIONS = YES;
				CLANG_WARN_DIRECT_OBJC_ISA_USAGE = YES_ERROR;
				CLANG_WARN_DOCUMENTATION_COMMENTS = YES;
				CLANG_WARN_EMPTY_BODY = YES;
				CLANG_WARN_ENUM_CONVERSION = YES;
				CLANG_WARN_INFINITE_RECURSION = YES;
				CLANG_WARN_INT_CONVERSION = YES;
				CLANG_WARN_NON_LITERAL_NULL_CONVERSION = YES;
				CLANG_WARN_OBJC_IMPLICIT_RETAIN_SELF = YES;
				CLANG_WARN_OBJC_LITERAL_CONVERSION = YES;
				CLANG_WARN_OBJC_ROOT_CLASS = YES_ERROR;
				CLANG_WARN_QUOTED_INCLUDE_IN_FRAMEWORK_HEADER = YES;
				CLANG_WARN_RANGE_LOOP_ANALYSIS = YES;
				CLANG_WARN_STRICT_PROTOTYPES = YES;
				CLANG_WARN_SUSPICIOUS_MOVE = YES;
				CLANG_WARN_UNGUARDED_AVAILABILITY = YES_AGGRESSIVE;
				CLANG_WARN_UNREACHABLE_CODE = YES;
				CLANG_WARN__DUPLICATE_METHOD_MATCH = YES;
				COPY_PHASE_STRIP = NO;
				DEBUG_INFORMATION_FORMAT = "dwarf-with-dsym";
				ENABLE_NS_ASSERTIONS = NO;
				ENABLE_STRICT_OBJC_MSGSEND = YES;
				GCC_C_LANGUAGE_STANDARD = gnu11;
				GCC_NO_COMMON_BLOCKS = YES;
				GCC_WARN_64_TO_32_BIT_CONVERSION = YES;
				GCC_WARN_ABOUT_RETURN_TYPE = YES_ERROR;
				GCC_WARN_UNDECLARED_SELECTOR = YES;
				GCC_WARN_UNINITIALIZED_AUTOS = YES_AGGRESSIVE;
				GCC_WARN_UNUSED_FUNCTION = YES;
				GCC_WARN_UNUSED_VARIABLE = YES;
				IPHONEOS_DEPLOYMENT_TARGET = 15.2;
				MTL_ENABLE_DEBUG_INFO = NO;
				MTL_FAST_MATH = YES;
				SDKROOT = iphoneos;
				SWIFT_COMPILATION_MODE = wholemodule;
				SWIFT_OPTIMIZATION_LEVEL = "-O";
				VALIDATE_PRODUCT = YES;
			};
			name = Release;
		};
		785CBBE7278D863F0086A46A /* Debug */ = {
			isa = XCBuildConfiguration;
			buildSettings = {
				ASSETCATALOG_COMPILER_APPICON_NAME = AppIcon;
				ASSETCATALOG_COMPILER_GLOBAL_ACCENT_COLOR_NAME = AccentColor;
				CODE_SIGN_STYLE = Automatic;
				CURRENT_PROJECT_VERSION = 1;
				DEVELOPMENT_TEAM = JQH5B249F3;
				GENERATE_INFOPLIST_FILE = YES;
				INFOPLIST_FILE = FakeUipath/Info.plist;
				INFOPLIST_KEY_UIApplicationSupportsIndirectInputEvents = YES;
				INFOPLIST_KEY_UILaunchStoryboardName = LaunchScreen;
				INFOPLIST_KEY_UIMainStoryboardFile = Main;
				INFOPLIST_KEY_UISupportedInterfaceOrientations_iPad = "UIInterfaceOrientationPortrait UIInterfaceOrientationPortraitUpsideDown UIInterfaceOrientationLandscapeLeft UIInterfaceOrientationLandscapeRight";
				INFOPLIST_KEY_UISupportedInterfaceOrientations_iPhone = "UIInterfaceOrientationPortrait UIInterfaceOrientationLandscapeLeft UIInterfaceOrientationLandscapeRight";
				LD_RUNPATH_SEARCH_PATHS = (
					"$(inherited)",
					"@executable_path/Frameworks",
				);
				MARKETING_VERSION = 1.0;
				PRODUCT_BUNDLE_IDENTIFIER = HOON.FakeUipath;
				PRODUCT_NAME = "$(TARGET_NAME)";
				SWIFT_EMIT_LOC_STRINGS = YES;
				SWIFT_VERSION = 5.0;
				TARGETED_DEVICE_FAMILY = "1,2";
			};
			name = Debug;
		};
		785CBBE8278D863F0086A46A /* Release */ = {
			isa = XCBuildConfiguration;
			buildSettings = {
				ASSETCATALOG_COMPILER_APPICON_NAME = AppIcon;
				ASSETCATALOG_COMPILER_GLOBAL_ACCENT_COLOR_NAME = AccentColor;
				CODE_SIGN_STYLE = Automatic;
				CURRENT_PROJECT_VERSION = 1;
				DEVELOPMENT_TEAM = JQH5B249F3;
				GENERATE_INFOPLIST_FILE = YES;
				INFOPLIST_FILE = FakeUipath/Info.plist;
				INFOPLIST_KEY_UIApplicationSupportsIndirectInputEvents = YES;
				INFOPLIST_KEY_UILaunchStoryboardName = LaunchScreen;
				INFOPLIST_KEY_UIMainStoryboardFile = Main;
				INFOPLIST_KEY_UISupportedInterfaceOrientations_iPad = "UIInterfaceOrientationPortrait UIInterfaceOrientationPortraitUpsideDown UIInterfaceOrientationLandscapeLeft UIInterfaceOrientationLandscapeRight";
				INFOPLIST_KEY_UISupportedInterfaceOrientations_iPhone = "UIInterfaceOrientationPortrait UIInterfaceOrientationLandscapeLeft UIInterfaceOrientationLandscapeRight";
				LD_RUNPATH_SEARCH_PATHS = (
					"$(inherited)",
					"@executable_path/Frameworks",
				);
				MARKETING_VERSION = 1.0;
				PRODUCT_BUNDLE_IDENTIFIER = HOON.FakeUipath;
				PRODUCT_NAME = "$(TARGET_NAME)";
				SWIFT_EMIT_LOC_STRINGS = YES;
				SWIFT_VERSION = 5.0;
				TARGETED_DEVICE_FAMILY = "1,2";
			};
			name = Release;
		};
		785CBBEA278D863F0086A46A /* Debug */ = {
			isa = XCBuildConfiguration;
			buildSettings = {
				ALWAYS_EMBED_SWIFT_STANDARD_LIBRARIES = YES;
				BUNDLE_LOADER = "$(TEST_HOST)";
				CODE_SIGN_STYLE = Automatic;
				CURRENT_PROJECT_VERSION = 1;
				GENERATE_INFOPLIST_FILE = YES;
				IPHONEOS_DEPLOYMENT_TARGET = 15.2;
				MARKETING_VERSION = 1.0;
				PRODUCT_BUNDLE_IDENTIFIER = HOON.FakeUipathTests;
				PRODUCT_NAME = "$(TARGET_NAME)";
				SWIFT_EMIT_LOC_STRINGS = NO;
				SWIFT_VERSION = 5.0;
				TARGETED_DEVICE_FAMILY = "1,2";
				TEST_HOST = "$(BUILT_PRODUCTS_DIR)/FakeUipath.app/FakeUipath";
			};
			name = Debug;
		};
		785CBBEB278D863F0086A46A /* Release */ = {
			isa = XCBuildConfiguration;
			buildSettings = {
				ALWAYS_EMBED_SWIFT_STANDARD_LIBRARIES = YES;
				BUNDLE_LOADER = "$(TEST_HOST)";
				CODE_SIGN_STYLE = Automatic;
				CURRENT_PROJECT_VERSION = 1;
				GENERATE_INFOPLIST_FILE = YES;
				IPHONEOS_DEPLOYMENT_TARGET = 15.2;
				MARKETING_VERSION = 1.0;
				PRODUCT_BUNDLE_IDENTIFIER = HOON.FakeUipathTests;
				PRODUCT_NAME = "$(TARGET_NAME)";
				SWIFT_EMIT_LOC_STRINGS = NO;
				SWIFT_VERSION = 5.0;
				TARGETED_DEVICE_FAMILY = "1,2";
				TEST_HOST = "$(BUILT_PRODUCTS_DIR)/FakeUipath.app/FakeUipath";
			};
			name = Release;
		};
		785CBBED278D863F0086A46A /* Debug */ = {
			isa = XCBuildConfiguration;
			buildSettings = {
				ALWAYS_EMBED_SWIFT_STANDARD_LIBRARIES = YES;
				CODE_SIGN_STYLE = Automatic;
				CURRENT_PROJECT_VERSION = 1;
				GENERATE_INFOPLIST_FILE = YES;
				MARKETING_VERSION = 1.0;
				PRODUCT_BUNDLE_IDENTIFIER = HOON.FakeUipathUITests;
				PRODUCT_NAME = "$(TARGET_NAME)";
				SWIFT_EMIT_LOC_STRINGS = NO;
				SWIFT_VERSION = 5.0;
				TARGETED_DEVICE_FAMILY = "1,2";
				TEST_TARGET_NAME = FakeUipath;
			};
			name = Debug;
		};
		785CBBEE278D863F0086A46A /* Release */ = {
			isa = XCBuildConfiguration;
			buildSettings = {
				ALWAYS_EMBED_SWIFT_STANDARD_LIBRARIES = YES;
				CODE_SIGN_STYLE = Automatic;
				CURRENT_PROJECT_VERSION = 1;
				GENERATE_INFOPLIST_FILE = YES;
				MARKETING_VERSION = 1.0;
				PRODUCT_BUNDLE_IDENTIFIER = HOON.FakeUipathUITests;
				PRODUCT_NAME = "$(TARGET_NAME)";
				SWIFT_EMIT_LOC_STRINGS = NO;
				SWIFT_VERSION = 5.0;
				TARGETED_DEVICE_FAMILY = "1,2";
				TEST_TARGET_NAME = FakeUipath;
			};
			name = Release;
		};
/* End XCBuildConfiguration section */

/* Begin XCConfigurationList section */
		785CBBB7278D863C0086A46A /* Build configuration list for PBXProject "FakeUipath" */ = {
			isa = XCConfigurationList;
			buildConfigurations = (
				785CBBE4278D863F0086A46A /* Debug */,
				785CBBE5278D863F0086A46A /* Release */,
			);
			defaultConfigurationIsVisible = 0;
			defaultConfigurationName = Release;
		};
		785CBBE6278D863F0086A46A /* Build configuration list for PBXNativeTarget "FakeUipath" */ = {
			isa = XCConfigurationList;
			buildConfigurations = (
				785CBBE7278D863F0086A46A /* Debug */,
				785CBBE8278D863F0086A46A /* Release */,
			);
			defaultConfigurationIsVisible = 0;
			defaultConfigurationName = Release;
		};
		785CBBE9278D863F0086A46A /* Build configuration list for PBXNativeTarget "FakeUipathTests" */ = {
			isa = XCConfigurationList;
			buildConfigurations = (
				785CBBEA278D863F0086A46A /* Debug */,
				785CBBEB278D863F0086A46A /* Release */,
			);
			defaultConfigurationIsVisible = 0;
			defaultConfigurationName = Release;
		};
		785CBBEC278D863F0086A46A /* Build configuration list for PBXNativeTarget "FakeUipathUITests" */ = {
			isa = XCConfigurationList;
			buildConfigurations = (
				785CBBED278D863F0086A46A /* Debug */,
				785CBBEE278D863F0086A46A /* Release */,
			);
			defaultConfigurationIsVisible = 0;
			defaultConfigurationName = Release;
		};
/* End XCConfigurationList section */
	};
	rootObject = 785CBBB4278D863C0086A46A /* Project object */;
}
